<Solution>
  <Configurations>
    <Platform Name="x64" />
    <Platform Name="arm64" />
  </Configurations>
  <Project Path="GitWorktreeManager/GitWorktreeManager.csproj">
    <Platform Solution="*|x64" Project="x64" />
    <Platform Solution="*|arm64" Project="arm64" />
    <Deploy />
  </Project>
</Solution>
